
Microsoft Visual Studio Solution File, Format Version 12.00
# Visual Studio Version 16
VisualStudioVersion = 16.0.31313.79
MinimumVisualStudioVersion = 10.0.40219.1
Project("{FAE04EC0-301F-11D3-BF4B-00C04F79EFBC}") = "StockDetails", "StockDetails\StockDetails.csproj", "{F7AFE23F-8C5D-4C07-9DD1-FEC6DB49AF65}"
EndProject
Global
	GlobalSection(SolutionConfigurationPlatforms) = preSolution
		Debug|Any CPU = Debug|Any CPU
		Release|Any CPU = Release|Any CPU
	EndGlobalSection
	GlobalSection(ProjectConfigurationPlatforms) = postSolution
		{F7AFE23F-8C5D-4C07-9DD1-FEC6DB49AF65}.Debug|Any CPU.ActiveCfg = Debug|Any CPU
		{F7AFE23F-8C5D-4C07-9DD1-FEC6DB49AF65}.Debug|Any CPU.Build.0 = Debug|Any CPU
		{F7AFE23F-8C5D-4C07-9DD1-FEC6DB49AF65}.Release|Any CPU.ActiveCfg = Release|Any CPU
		{F7AFE23F-8C5D-4C07-9DD1-FEC6DB49AF65}.Release|Any CPU.Build.0 = Release|Any CPU
	EndGlobalSection
	GlobalSection(SolutionProperties) = preSolution
		HideSolutionNode = FALSE
	EndGlobalSection
	GlobalSection(ExtensibilityGlobals) = postSolution
		SolutionGuid = {2064D771-F866-4A55-963F-2C4261AD10BD}
	EndGlobalSection
EndGlobal
